
Microsoft Visual Studio Solution File, Format Version 12.00
# Visual Studio Version 17
VisualStudioVersion = 17.13.35825.156 d17.13
MinimumVisualStudioVersion = 10.0.40219.1
Project("{FAE04EC0-301F-11D3-BF4B-00C04F79EFBC}") = "Bookingsystem", "Bookingsystem\Bookingsystem.csproj", "{4EB344A3-EBAF-4B1F-A454-CC21243F89CE}"
EndProject
Global
	GlobalSection(SolutionConfigurationPlatforms) = preSolution
		Debug|Any CPU = Debug|Any CPU
		Release|Any CPU = Release|Any CPU
	EndGlobalSection
	GlobalSection(ProjectConfigurationPlatforms) = postSolution
		{4EB344A3-EBAF-4B1F-A454-CC21243F89CE}.Debug|Any CPU.ActiveCfg = Debug|Any CPU
		{4EB344A3-EBAF-4B1F-A454-CC21243F89CE}.Debug|Any CPU.Build.0 = Debug|Any CPU
		{4EB344A3-EBAF-4B1F-A454-CC21243F89CE}.Release|Any CPU.ActiveCfg = Release|Any CPU
		{4EB344A3-EBAF-4B1F-A454-CC21243F89CE}.Release|Any CPU.Build.0 = Release|Any CPU
	EndGlobalSection
	GlobalSection(SolutionProperties) = preSolution
		HideSolutionNode = FALSE
	EndGlobalSection
	GlobalSection(ExtensibilityGlobals) = postSolution
		SolutionGuid = {492BE0CD-9D39-4B2B-850B-7D1729FAAD10}
	EndGlobalSection
EndGlobal
